
Microsoft Visual Studio Solution File, Format Version 12.00
# Visual Studio Version 16
VisualStudioVersion = 25.0.1706.8
MinimumVisualStudioVersion = 10.0.40219.1
Project("{FAE04EC0-301F-11D3-BF4B-00C04F79EFBC}") = "Book", "Book.csproj", "{6CA40BA5-DF7E-42A4-B9E7-9BBD0B4B6411}"
EndProject
Global
	GlobalSection(SolutionConfigurationPlatforms) = preSolution
		Debug|Any CPU = Debug|Any CPU
		Release|Any CPU = Release|Any CPU
	EndGlobalSection
	GlobalSection(ProjectConfigurationPlatforms) = postSolution
		{6CA40BA5-DF7E-42A4-B9E7-9BBD0B4B6411}.Debug|Any CPU.ActiveCfg = Debug|Any CPU
		{6CA40BA5-DF7E-42A4-B9E7-9BBD0B4B6411}.Debug|Any CPU.Build.0 = Debug|Any CPU
		{6CA40BA5-DF7E-42A4-B9E7-9BBD0B4B6411}.Release|Any CPU.ActiveCfg = Release|Any CPU
		{6CA40BA5-DF7E-42A4-B9E7-9BBD0B4B6411}.Release|Any CPU.Build.0 = Release|Any CPU
	EndGlobalSection
	GlobalSection(SolutionProperties) = preSolution
		HideSolutionNode = FALSE
	EndGlobalSection
	GlobalSection(ExtensibilityGlobals) = postSolution
		SolutionGuid = {879161DC-CDE2-467E-B722-72BDDB504FAE}
	EndGlobalSection
EndGlobal
